
Microsoft Visual Studio Solution File, Format Version 12.00
# Visual Studio 15
VisualStudioVersion = 15.0.28010.2048
MinimumVisualStudioVersion = 10.0.40219.1
Project("{FAE04EC0-301F-11D3-BF4B-00C04F79EFBC}") = "AplicationExample", "AplicationExample\AplicationExample.csproj", "{A917E1D7-CEFD-4580-9D74-15CB7B6329D0}"
EndProject
Project("{FAE04EC0-301F-11D3-BF4B-00C04F79EFBC}") = "AplicationExample.Tests", "AplicationExample.Tests\AplicationExample.Tests.csproj", "{9FED8A6D-2F1D-4B18-BFA1-57DE0F9671BF}"
EndProject
Global
	GlobalSection(SolutionConfigurationPlatforms) = preSolution
		Debug|Any CPU = Debug|Any CPU
		Release|Any CPU = Release|Any CPU
	EndGlobalSection
	GlobalSection(ProjectConfigurationPlatforms) = postSolution
		{A917E1D7-CEFD-4580-9D74-15CB7B6329D0}.Debug|Any CPU.ActiveCfg = Debug|Any CPU
		{A917E1D7-CEFD-4580-9D74-15CB7B6329D0}.Debug|Any CPU.Build.0 = Debug|Any CPU
		{A917E1D7-CEFD-4580-9D74-15CB7B6329D0}.Release|Any CPU.ActiveCfg = Release|Any CPU
		{A917E1D7-CEFD-4580-9D74-15CB7B6329D0}.Release|Any CPU.Build.0 = Release|Any CPU
		{9FED8A6D-2F1D-4B18-BFA1-57DE0F9671BF}.Debug|Any CPU.ActiveCfg = Debug|Any CPU
		{9FED8A6D-2F1D-4B18-BFA1-57DE0F9671BF}.Debug|Any CPU.Build.0 = Debug|Any CPU
		{9FED8A6D-2F1D-4B18-BFA1-57DE0F9671BF}.Release|Any CPU.ActiveCfg = Release|Any CPU
		{9FED8A6D-2F1D-4B18-BFA1-57DE0F9671BF}.Release|Any CPU.Build.0 = Release|Any CPU
	EndGlobalSection
	GlobalSection(SolutionProperties) = preSolution
		HideSolutionNode = FALSE
	EndGlobalSection
	GlobalSection(ExtensibilityGlobals) = postSolution
		SolutionGuid = {AF9AC5B0-4D94-4B9C-9BE6-59A4D3BFFD60}
	EndGlobalSection
EndGlobal
